
Microsoft Visual Studio Solution File, Format Version 12.00
# Visual Studio Version 17
VisualStudioVersion = 17.2.32602.215
MinimumVisualStudioVersion = 10.0.40219.1
Project("{9A19103F-16F7-4668-BE54-9A1E7A4F7556}") = "TCC.Thalia.Teles.App", "TCC.Thalia.Teles.App\TCC.Thalia.Teles.App.csproj", "{BD08E3A6-2E16-45D8-B35A-BAEE8E075C43}"
EndProject
Project("{2150E333-8FDC-42A3-9474-1A3956D46DE8}") = "Apresentacao", "Apresentacao", "{553F6D39-E2FA-4A4D-92AF-67461B76CC9A}"
EndProject
Project("{2150E333-8FDC-42A3-9474-1A3956D46DE8}") = "Dominio", "Dominio", "{5E94F6AB-5DAC-4E03-AAAE-5233EB242E46}"
EndProject
Project("{9A19103F-16F7-4668-BE54-9A1E7A4F7556}") = "TCC.Thalia.Teles.Dominio", "TCC.Thalia.Teles.Dominio\TCC.Thalia.Teles.Dominio.csproj", "{1DD4375A-CD4B-434B-85D8-761278DA8E61}"
EndProject
Project("{2150E333-8FDC-42A3-9474-1A3956D46DE8}") = "Infra", "Infra", "{F24F0C11-9AD6-4850-AA94-F046D826F420}"
EndProject
Project("{9A19103F-16F7-4668-BE54-9A1E7A4F7556}") = "TCC.Thalia.Teles.Infra.Dados", "TCC.Thalia.Teles.Infra.Dados\TCC.Thalia.Teles.Infra.Dados.csproj", "{02064CCA-1C54-422C-B06D-7582C7C40EB2}"
EndProject
Global
	GlobalSection(SolutionConfigurationPlatforms) = preSolution
		Debug|Any CPU = Debug|Any CPU
		Release|Any CPU = Release|Any CPU
	EndGlobalSection
	GlobalSection(ProjectConfigurationPlatforms) = postSolution
		{BD08E3A6-2E16-45D8-B35A-BAEE8E075C43}.Debug|Any CPU.ActiveCfg = Debug|Any CPU
		{BD08E3A6-2E16-45D8-B35A-BAEE8E075C43}.Debug|Any CPU.Build.0 = Debug|Any CPU
		{BD08E3A6-2E16-45D8-B35A-BAEE8E075C43}.Release|Any CPU.ActiveCfg = Release|Any CPU
		{BD08E3A6-2E16-45D8-B35A-BAEE8E075C43}.Release|Any CPU.Build.0 = Release|Any CPU
		{1DD4375A-CD4B-434B-85D8-761278DA8E61}.Debug|Any CPU.ActiveCfg = Debug|Any CPU
		{1DD4375A-CD4B-434B-85D8-761278DA8E61}.Debug|Any CPU.Build.0 = Debug|Any CPU
		{1DD4375A-CD4B-434B-85D8-761278DA8E61}.Release|Any CPU.ActiveCfg = Release|Any CPU
		{1DD4375A-CD4B-434B-85D8-761278DA8E61}.Release|Any CPU.Build.0 = Release|Any CPU
		{02064CCA-1C54-422C-B06D-7582C7C40EB2}.Debug|Any CPU.ActiveCfg = Debug|Any CPU
		{02064CCA-1C54-422C-B06D-7582C7C40EB2}.Debug|Any CPU.Build.0 = Debug|Any CPU
		{02064CCA-1C54-422C-B06D-7582C7C40EB2}.Release|Any CPU.ActiveCfg = Release|Any CPU
		{02064CCA-1C54-422C-B06D-7582C7C40EB2}.Release|Any CPU.Build.0 = Release|Any CPU
	EndGlobalSection
	GlobalSection(SolutionProperties) = preSolution
		HideSolutionNode = FALSE
	EndGlobalSection
	GlobalSection(NestedProjects) = preSolution
		{BD08E3A6-2E16-45D8-B35A-BAEE8E075C43} = {553F6D39-E2FA-4A4D-92AF-67461B76CC9A}
		{1DD4375A-CD4B-434B-85D8-761278DA8E61} = {5E94F6AB-5DAC-4E03-AAAE-5233EB242E46}
		{02064CCA-1C54-422C-B06D-7582C7C40EB2} = {F24F0C11-9AD6-4850-AA94-F046D826F420}
	EndGlobalSection
	GlobalSection(ExtensibilityGlobals) = postSolution
		SolutionGuid = {7991247E-604E-428D-A2CF-42A5A5EC57C7}
	EndGlobalSection
EndGlobal
